// !$*UTF8*$!
{
	archiveVersion = 1;
	classes = {
	};
	objectVersion = 46;
	objects = {

/* Begin PBXBuildFile section */
		4C84C91A1BA8DAC1004D665D /* HeaderView.xib in Resources */ = {isa = PBXBuildFile; fileRef = 4C84C9191BA8DAC1004D665D /* HeaderView.xib */; };
		4CFE3EFA1BA8B82200157016 /* AppDelegate.swift in Sources */ = {isa = PBXBuildFile; fileRef = 4CFE3EF91BA8B82200157016 /* AppDelegate.swift */; };
		4CFE3F011BA8B82200157016 /* Images.xcassets in Resources */ = {isa = PBXBuildFile; fileRef = 4CFE3F001BA8B82200157016 /* Images.xcassets */; };
		4CFE3F041BA8B82200157016 /* LaunchScreen.xib in Resources */ = {isa = PBXBuildFile; fileRef = 4CFE3F021BA8B82200157016 /* LaunchScreen.xib */; };
		4CFE3F101BA8B82300157016 /* HomepwnerTests.swift in Sources */ = {isa = PBXBuildFile; fileRef = 4CFE3F0F1BA8B82300157016 /* HomepwnerTests.swift */; };
		4CFE3F1A1BA8B93500157016 /* ItemsViewController.swift in Sources */ = {isa = PBXBuildFile; fileRef = 4CFE3F191BA8B93500157016 /* ItemsViewController.swift */; };
		4CFE3F1C1BA8B9A100157016 /* Item.swift in Sources */ = {isa = PBXBuildFile; fileRef = 4CFE3F1B1BA8B9A100157016 /* Item.swift */; };
		4CFE3F1E1BA8BAA000157016 /* ItemStore.swift in Sources */ = {isa = PBXBuildFile; fileRef = 4CFE3F1D1BA8BAA000157016 /* ItemStore.swift */; };
		4CFE3F201BA8BE5800157016 /* ItemCell.swift in Sources */ = {isa = PBXBuildFile; fileRef = 4CFE3F1F1BA8BE5800157016 /* ItemCell.swift */; };
		4CFE3F221BA8BE7B00157016 /* ItemCell.xib in Resources */ = {isa = PBXBuildFile; fileRef = 4CFE3F211BA8BE7A00157016 /* ItemCell.xib */; };
/* End PBXBuildFile section */

/* Begin PBXContainerItemProxy section */
		4CFE3F0A1BA8B82300157016 /* PBXContainerItemProxy */ = {
			isa = PBXContainerItemProxy;
			containerPortal = 4CFE3EEC1BA8B82200157016 /* Project object */;
			proxyType = 1;
			remoteGlobalIDString = 4CFE3EF31BA8B82200157016;
			remoteInfo = Homepwner;
		};
/* End PBXContainerItemProxy section */

/* Begin PBXFileReference section */
		4C84C9191BA8DAC1004D665D /* HeaderView.xib */ = {isa = PBXFileReference; fileEncoding = 4; lastKnownFileType = file.xib; path = HeaderView.xib; sourceTree = "<group>"; };
		4CFE3EF41BA8B82200157016 /* Homepwner.app */ = {isa = PBXFileReference; explicitFileType = wrapper.application; includeInIndex = 0; path = Homepwner.app; sourceTree = BUILT_PRODUCTS_DIR; };
		4CFE3EF81BA8B82200157016 /* Info.plist */ = {isa = PBXFileReference; lastKnownFileType = text.plist.xml; path = Info.plist; sourceTree = "<group>"; };
		4CFE3EF91BA8B82200157016 /* AppDelegate.swift */ = {isa = PBXFileReference; lastKnownFileType = sourcecode.swift; path = AppDelegate.swift; sourceTree = "<group>"; };
		4CFE3F001BA8B82200157016 /* Images.xcassets */ = {isa = PBXFileReference; lastKnownFileType = folder.assetcatalog; path = Images.xcassets; sourceTree = "<group>"; };
		4CFE3F031BA8B82200157016 /* Base */ = {isa = PBXFileReference; lastKnownFileType = file.xib; name = Base; path = Base.lproj/LaunchScreen.xib; sourceTree = "<group>"; };
		4CFE3F091BA8B82300157016 /* HomepwnerTests.xctest */ = {isa = PBXFileReference; explicitFileType = wrapper.cfbundle; includeInIndex = 0; path = HomepwnerTests.xctest; sourceTree = BUILT_PRODUCTS_DIR; };
		4CFE3F0E1BA8B82300157016 /* Info.plist */ = {isa = PBXFileReference; lastKnownFileType = text.plist.xml; path = Info.plist; sourceTree = "<group>"; };
		4CFE3F0F1BA8B82300157016 /* HomepwnerTests.swift */ = {isa = PBXFileReference; lastKnownFileType = sourcecode.swift; path = HomepwnerTests.swift; sourceTree = "<group>"; };
		4CFE3F191BA8B93500157016 /* ItemsViewController.swift */ = {isa = PBXFileReference; fileEncoding = 4; lastKnownFileType = sourcecode.swift; path = ItemsViewController.swift; sourceTree = "<group>"; };
		4CFE3F1B1BA8B9A100157016 /* Item.swift */ = {isa = PBXFileReference; fileEncoding = 4; lastKnownFileType = sourcecode.swift; path = Item.swift; sourceTree = "<group>"; };
		4CFE3F1D1BA8BAA000157016 /* ItemStore.swift */ = {isa = PBXFileReference; fileEncoding = 4; lastKnownFileType = sourcecode.swift; path = ItemStore.swift; sourceTree = "<group>"; };
		4CFE3F1F1BA8BE5800157016 /* ItemCell.swift */ = {isa = PBXFileReference; fileEncoding = 4; lastKnownFileType = sourcecode.swift; name = ItemCell.swift; path = ../ItemCell.swift; sourceTree = "<group>"; };
		4CFE3F211BA8BE7A00157016 /* ItemCell.xib */ = {isa = PBXFileReference; fileEncoding = 4; lastKnownFileType = file.xib; name = ItemCell.xib; path = ../ItemCell.xib; sourceTree = "<group>"; };
/* End PBXFileReference section */

/* Begin PBXFrameworksBuildPhase section */
		4CFE3EF11BA8B82200157016 /* Frameworks */ = {
			isa = PBXFrameworksBuildPhase;
			buildActionMask = 2147483647;
			files = (
			);
			runOnlyForDeploymentPostprocessing = 0;
		};
		4CFE3F061BA8B82300157016 /* Frameworks */ = {
			isa = PBXFrameworksBuildPhase;
			buildActionMask = 2147483647;
			files = (
			);
			runOnlyForDeploymentPostprocessing = 0;
		};
/* End PBXFrameworksBuildPhase section */

/* Begin PBXGroup section */
		4C84C9161BA8D573004D665D /* Model */ = {
			isa = PBXGroup;
			children = (
				4CFE3F1B1BA8B9A100157016 /* Item.swift */,
				4CFE3F1D1BA8BAA000157016 /* ItemStore.swift */,
			);
			name = Model;
			sourceTree = "<group>";
		};
		4C84C9171BA8D577004D665D /* View */ = {
			isa = PBXGroup;
			children = (
				4C84C9191BA8DAC1004D665D /* HeaderView.xib */,
				4CFE3F1F1BA8BE5800157016 /* ItemCell.swift */,
				4CFE3F211BA8BE7A00157016 /* ItemCell.xib */,
			);
			name = View;
			sourceTree = "<group>";
		};
		4C84C9181BA8D579004D665D /* Controller */ = {
			isa = PBXGroup;
			children = (
				4CFE3F191BA8B93500157016 /* ItemsViewController.swift */,
			);
			name = Controller;
			sourceTree = "<group>";
		};
		4CFE3EEB1BA8B82200157016 = {
			isa = PBXGroup;
			children = (
				4CFE3EF61BA8B82200157016 /* Homepwner */,
				4CFE3F0C1BA8B82300157016 /* HomepwnerTests */,
				4CFE3EF51BA8B82200157016 /* Products */,
			);
			sourceTree = "<group>";
		};
		4CFE3EF51BA8B82200157016 /* Products */ = {
			isa = PBXGroup;
			children = (
				4CFE3EF41BA8B82200157016 /* Homepwner.app */,
				4CFE3F091BA8B82300157016 /* HomepwnerTests.xctest */,
			);
			name = Products;
			sourceTree = "<group>";
		};
		4CFE3EF61BA8B82200157016 /* Homepwner */ = {
			isa = PBXGroup;
			children = (
				4CFE3EF91BA8B82200157016 /* AppDelegate.swift */,
				4C84C9161BA8D573004D665D /* Model */,
				4C84C9171BA8D577004D665D /* View */,
				4C84C9181BA8D579004D665D /* Controller */,
				4CFE3F001BA8B82200157016 /* Images.xcassets */,
				4CFE3F021BA8B82200157016 /* LaunchScreen.xib */,
				4CFE3EF71BA8B82200157016 /* Supporting Files */,
			);
			path = Homepwner;
			sourceTree = "<group>";
		};
		4CFE3EF71BA8B82200157016 /* Supporting Files */ = {
			isa = PBXGroup;
			children = (
				4CFE3EF81BA8B82200157016 /* Info.plist */,
			);
			name = "Supporting Files";
			sourceTree = "<group>";
		};
		4CFE3F0C1BA8B82300157016 /* HomepwnerTests */ = {
			isa = PBXGroup;
			children = (
				4CFE3F0F1BA8B82300157016 /* HomepwnerTests.swift */,
				4CFE3F0D1BA8B82300157016 /* Supporting Files */,
			);
			path = HomepwnerTests;
			sourceTree = "<group>";
		};
		4CFE3F0D1BA8B82300157016 /* Supporting Files */ = {
			isa = PBXGroup;
			children = (
				4CFE3F0E1BA8B82300157016 /* Info.plist */,
			);
			name = "Supporting Files";
			sourceTree = "<group>";
		};
/* End PBXGroup section */

/* Begin PBXNativeTarget section */
		4CFE3EF31BA8B82200157016 /* Homepwner */ = {
			isa = PBXNativeTarget;
			buildConfigurationList = 4CFE3F131BA8B82300157016 /* Build configuration list for PBXNativeTarget "Homepwner" */;
			buildPhases = (
				4CFE3EF01BA8B82200157016 /* Sources */,
				4CFE3EF11BA8B82200157016 /* Frameworks */,
				4CFE3EF21BA8B82200157016 /* Resources */,
			);
			buildRules = (
			);
			dependencies = (
			);
			name = Homepwner;
			productName = Homepwner;
			productReference = 4CFE3EF41BA8B82200157016 /* Homepwner.app */;
			productType = "com.apple.product-type.application";
		};
		4CFE3F081BA8B82300157016 /* HomepwnerTests */ = {
			isa = PBXNativeTarget;
			buildConfigurationList = 4CFE3F161BA8B82300157016 /* Build configuration list for PBXNativeTarget "HomepwnerTests" */;
			buildPhases = (
				4CFE3F051BA8B82300157016 /* Sources */,
				4CFE3F061BA8B82300157016 /* Frameworks */,
				4CFE3F071BA8B82300157016 /* Resources */,
			);
			buildRules = (
			);
			dependencies = (
				4CFE3F0B1BA8B82300157016 /* PBXTargetDependency */,
			);
			name = HomepwnerTests;
			productName = HomepwnerTests;
			productReference = 4CFE3F091BA8B82300157016 /* HomepwnerTests.xctest */;
			productType = "com.apple.product-type.bundle.unit-test";
		};
/* End PBXNativeTarget section */

/* Begin PBXProject section */
		4CFE3EEC1BA8B82200157016 /* Project object */ = {
			isa = PBXProject;
			attributes = {
				LastUpgradeCheck = 0640;
				ORGANIZATIONNAME = LinkedIn;
				TargetAttributes = {
					4CFE3EF31BA8B82200157016 = {
						CreatedOnToolsVersion = 6.4;
					};
					4CFE3F081BA8B82300157016 = {
						CreatedOnToolsVersion = 6.4;
						TestTargetID = 4CFE3EF31BA8B82200157016;
					};
				};
			};
			buildConfigurationList = 4CFE3EEF1BA8B82200157016 /* Build configuration list for PBXProject "Homepwner" */;
			compatibilityVersion = "Xcode 3.2";
			developmentRegion = English;
			hasScannedForEncodings = 0;
			knownRegions = (
				en,
				Base,
			);
			mainGroup = 4CFE3EEB1BA8B82200157016;
			productRefGroup = 4CFE3EF51BA8B82200157016 /* Products */;
			projectDirPath = "";
			projectRoot = "";
			targets = (
				4CFE3EF31BA8B82200157016 /* Homepwner */,
				4CFE3F081BA8B82300157016 /* HomepwnerTests */,
			);
		};
/* End PBXProject section */

/* Begin PBXResourcesBuildPhase section */
		4CFE3EF21BA8B82200157016 /* Resources */ = {
			isa = PBXResourcesBuildPhase;
			buildActionMask = 2147483647;
			files = (
				4CFE3F041BA8B82200157016 /* LaunchScreen.xib in Resources */,
				4CFE3F011BA8B82200157016 /* Images.xcassets in Resources */,
				4CFE3F221BA8BE7B00157016 /* ItemCell.xib in Resources */,
				4C84C91A1BA8DAC1004D665D /* HeaderView.xib in Resources */,
			);
			runOnlyForDeploymentPostprocessing = 0;
		};
		4CFE3F071BA8B82300157016 /* Resources */ = {
			isa = PBXResourcesBuildPhase;
			buildActionMask = 2147483647;
			files = (
			);
			runOnlyForDeploymentPostprocessing = 0;
		};
/* End PBXResourcesBuildPhase section */

/* Begin PBXSourcesBuildPhase section */
		4CFE3EF01BA8B82200157016 /* Sources */ = {
			isa = PBXSourcesBuildPhase;
			buildActionMask = 2147483647;
			files = (
				4CFE3EFA1BA8B82200157016 /* AppDelegate.swift in Sources */,
				4CFE3F1C1BA8B9A100157016 /* Item.swift in Sources */,
				4CFE3F1E1BA8BAA000157016 /* ItemStore.swift in Sources */,
				4CFE3F1A1BA8B93500157016 /* ItemsViewController.swift in Sources */,
				4CFE3F201BA8BE5800157016 /* ItemCell.swift in Sources */,
			);
			runOnlyForDeploymentPostprocessing = 0;
		};
		4CFE3F051BA8B82300157016 /* Sources */ = {
			isa = PBXSourcesBuildPhase;
			buildActionMask = 2147483647;
			files = (
				4CFE3F101BA8B82300157016 /* HomepwnerTests.swift in Sources */,
			);
			runOnlyForDeploymentPostprocessing = 0;
		};
/* End PBXSourcesBuildPhase section */

/* Begin PBXTargetDependency section */
		4CFE3F0B1BA8B82300157016 /* PBXTargetDependency */ = {
			isa = PBXTargetDependency;
			target = 4CFE3EF31BA8B82200157016 /* Homepwner */;
			targetProxy = 4CFE3F0A1BA8B82300157016 /* PBXContainerItemProxy */;
		};
/* End PBXTargetDependency section */

/* Begin PBXVariantGroup section */
		4CFE3F021BA8B82200157016 /* LaunchScreen.xib */ = {
			isa = PBXVariantGroup;
			children = (
				4CFE3F031BA8B82200157016 /* Base */,
			);
			name = LaunchScreen.xib;
			sourceTree = "<group>";
		};
/* End PBXVariantGroup section */

/* Begin XCBuildConfiguration section */
		4CFE3F111BA8B82300157016 /* Debug */ = {
			isa = XCBuildConfiguration;
			buildSettings = {
				ALWAYS_SEARCH_USER_PATHS = NO;
				CLANG_CXX_LANGUAGE_STANDARD = "gnu++0x";
				CLANG_CXX_LIBRARY = "libc++";
				CLANG_ENABLE_MODULES = YES;
				CLANG_ENABLE_OBJC_ARC = YES;
				CLANG_WARN_BOOL_CONVERSION = YES;
				CLANG_WARN_CONSTANT_CONVERSION = YES;
				CLANG_WARN_DIRECT_OBJC_ISA_USAGE = YES_ERROR;
				CLANG_WARN_EMPTY_BODY = YES;
				CLANG_WARN_ENUM_CONVERSION = YES;
				CLANG_WARN_INT_CONVERSION = YES;
				CLANG_WARN_OBJC_ROOT_CLASS = YES_ERROR;
				CLANG_WARN_UNREACHABLE_CODE = YES;
				CLANG_WARN__DUPLICATE_METHOD_MATCH = YES;
				"CODE_SIGN_IDENTITY[sdk=iphoneos*]" = "iPhone Developer";
				COPY_PHASE_STRIP = NO;
				DEBUG_INFORMATION_FORMAT = "dwarf-with-dsym";
				ENABLE_STRICT_OBJC_MSGSEND = YES;
				GCC_C_LANGUAGE_STANDARD = gnu99;
				GCC_DYNAMIC_NO_PIC = NO;
				GCC_NO_COMMON_BLOCKS = YES;
				GCC_OPTIMIZATION_LEVEL = 0;
				GCC_PREPROCESSOR_DEFINITIONS = (
					"DEBUG=1",
					"$(inherited)",
				);
				GCC_SYMBOLS_PRIVATE_EXTERN = NO;
				GCC_WARN_64_TO_32_BIT_CONVERSION = YES;
				GCC_WARN_ABOUT_RETURN_TYPE = YES_ERROR;
				GCC_WARN_UNDECLARED_SELECTOR = YES;
				GCC_WARN_UNINITIALIZED_AUTOS = YES_AGGRESSIVE;
				GCC_WARN_UNUSED_FUNCTION = YES;
				GCC_WARN_UNUSED_VARIABLE = YES;
				IPHONEOS_DEPLOYMENT_TARGET = 8.4;
				MTL_ENABLE_DEBUG_INFO = YES;
				ONLY_ACTIVE_ARCH = YES;
				SDKROOT = iphoneos;
				SWIFT_OPTIMIZATION_LEVEL = "-Onone";
			};
			name = Debug;
		};
		4CFE3F121BA8B82300157016 /* Release */ = {
			isa = XCBuildConfiguration;
			buildSettings = {
				ALWAYS_SEARCH_USER_PATHS = NO;
				CLANG_CXX_LANGUAGE_STANDARD = "gnu++0x";
				CLANG_CXX_LIBRARY = "libc++";
				CLANG_ENABLE_MODULES = YES;
				CLANG_ENABLE_OBJC_ARC = YES;
				CLANG_WARN_BOOL_CONVERSION = YES;
				CLANG_WARN_CONSTANT_CONVERSION = YES;
				CLANG_WARN_DIRECT_OBJC_ISA_USAGE = YES_ERROR;
				CLANG_WARN_EMPTY_BODY = YES;
				CLANG_WARN_ENUM_CONVERSION = YES;
				CLANG_WARN_INT_CONVERSION = YES;
				CLANG_WARN_OBJC_ROOT_CLASS = YES_ERROR;
				CLANG_WARN_UNREACHABLE_CODE = YES;
				CLANG_WARN__DUPLICATE_METHOD_MATCH = YES;
				"CODE_SIGN_IDENTITY[sdk=iphoneos*]" = "iPhone Developer";
				COPY_PHASE_STRIP = NO;
				DEBUG_INFORMATION_FORMAT = "dwarf-with-dsym";
				ENABLE_NS_ASSERTIONS = NO;
				ENABLE_STRICT_OBJC_MSGSEND = YES;
				GCC_C_LANGUAGE_STANDARD = gnu99;
				GCC_NO_COMMON_BLOCKS = YES;
				GCC_WARN_64_TO_32_BIT_CONVERSION = YES;
				GCC_WARN_ABOUT_RETURN_TYPE = YES_ERROR;
				GCC_WARN_UNDECLARED_SELECTOR = YES;
				GCC_WARN_UNINITIALIZED_AUTOS = YES_AGGRESSIVE;
				GCC_WARN_UNUSED_FUNCTION = YES;
				GCC_WARN_UNUSED_VARIABLE = YES;
				IPHONEOS_DEPLOYMENT_TARGET = 8.4;
				MTL_ENABLE_DEBUG_INFO = NO;
				SDKROOT = iphoneos;
				VALIDATE_PRODUCT = YES;
			};
			name = Release;
		};
		4CFE3F141BA8B82300157016 /* Debug */ = {
			isa = XCBuildConfiguration;
			buildSettings = {
				ASSETCATALOG_COMPILER_APPICON_NAME = AppIcon;
				INFOPLIST_FILE = Homepwner/Info.plist;
				LD_RUNPATH_SEARCH_PATHS = "$(inherited) @executable_path/Frameworks";
				PRODUCT_NAME = "$(TARGET_NAME)";
			};
			name = Debug;
		};
		4CFE3F151BA8B82300157016 /* Release */ = {
			isa = XCBuildConfiguration;
			buildSettings = {
				ASSETCATALOG_COMPILER_APPICON_NAME = AppIcon;
				INFOPLIST_FILE = Homepwner/Info.plist;
				LD_RUNPATH_SEARCH_PATHS = "$(inherited) @executable_path/Frameworks";
				PRODUCT_NAME = "$(TARGET_NAME)";
			};
			name = Release;
		};
		4CFE3F171BA8B82300157016 /* Debug */ = {
			isa = XCBuildConfiguration;
			buildSettings = {
				BUNDLE_LOADER = "$(TEST_HOST)";
				FRAMEWORK_SEARCH_PATHS = (
					"$(SDKROOT)/Developer/Library/Frameworks",
					"$(inherited)",
				);
				GCC_PREPROCESSOR_DEFINITIONS = (
					"DEBUG=1",
					"$(inherited)",
				);
				INFOPLIST_FILE = HomepwnerTests/Info.plist;
				LD_RUNPATH_SEARCH_PATHS = "$(inherited) @executable_path/Frameworks @loader_path/Frameworks";
				PRODUCT_NAME = "$(TARGET_NAME)";
				TEST_HOST = "$(BUILT_PRODUCTS_DIR)/Homepwner.app/Homepwner";
			};
			name = Debug;
		};
		4CFE3F181BA8B82300157016 /* Release */ = {
			isa = XCBuildConfiguration;
			buildSettings = {
				BUNDLE_LOADER = "$(TEST_HOST)";
				FRAMEWORK_SEARCH_PATHS = (
					"$(SDKROOT)/Developer/Library/Frameworks",
					"$(inherited)",
				);
				INFOPLIST_FILE = HomepwnerTests/Info.plist;
				LD_RUNPATH_SEARCH_PATHS = "$(inherited) @executable_path/Frameworks @loader_path/Frameworks";
				PRODUCT_NAME = "$(TARGET_NAME)";
				TEST_HOST = "$(BUILT_PRODUCTS_DIR)/Homepwner.app/Homepwner";
			};
			name = Release;
		};
/* End XCBuildConfiguration section */

/* Begin XCConfigurationList section */
		4CFE3EEF1BA8B82200157016 /* Build configuration list for PBXProject "Homepwner" */ = {
			isa = XCConfigurationList;
			buildConfigurations = (
				4CFE3F111BA8B82300157016 /* Debug */,
				4CFE3F121BA8B82300157016 /* Release */,
			);
			defaultConfigurationIsVisible = 0;
			defaultConfigurationName = Release;
		};
		4CFE3F131BA8B82300157016 /* Build configuration list for PBXNativeTarget "Homepwner" */ = {
			isa = XCConfigurationList;
			buildConfigurations = (
				4CFE3F141BA8B82300157016 /* Debug */,
				4CFE3F151BA8B82300157016 /* Release */,
			);
			defaultConfigurationIsVisible = 0;
			defaultConfigurationName = Release;
		};
		4CFE3F161BA8B82300157016 /* Build configuration list for PBXNativeTarget "HomepwnerTests" */ = {
			isa = XCConfigurationList;
			buildConfigurations = (
				4CFE3F171BA8B82300157016 /* Debug */,
				4CFE3F181BA8B82300157016 /* Release */,
			);
			defaultConfigurationIsVisible = 0;
			defaultConfigurationName = Release;
		};
/* End XCConfigurationList section */
	};
	rootObject = 4CFE3EEC1BA8B82200157016 /* Project object */;
}
